// !$*UTF8*$!
{
	archiveVersion = 1;
	classes = {
	};
	objectVersion = 50;
	objects = {

/* Begin PBXBuildFile section */
		132FE192248F48ED002C57AA /* AppDelegate.swift in Sources */ = {isa = PBXBuildFile; fileRef = 132FE191248F48ED002C57AA /* AppDelegate.swift */; };
		132FE194248F48ED002C57AA /* SceneDelegate.swift in Sources */ = {isa = PBXBuildFile; fileRef = 132FE193248F48ED002C57AA /* SceneDelegate.swift */; };
		132FE196248F48ED002C57AA /* ContentView.swift in Sources */ = {isa = PBXBuildFile; fileRef = 132FE195248F48ED002C57AA /* ContentView.swift */; };
		132FE198248F48EF002C57AA /* Assets.xcassets in Resources */ = {isa = PBXBuildFile; fileRef = 132FE197248F48EF002C57AA /* Assets.xcassets */; };
		132FE19B248F48EF002C57AA /* Preview Assets.xcassets in Resources */ = {isa = PBXBuildFile; fileRef = 132FE19A248F48EF002C57AA /* Preview Assets.xcassets */; };
		132FE19E248F48EF002C57AA /* LaunchScreen.storyboard in Resources */ = {isa = PBXBuildFile; fileRef = 132FE19C248F48EF002C57AA /* LaunchScreen.storyboard */; };
/* End PBXBuildFile section */

/* Begin PBXFileReference section */
		132FE18E248F48ED002C57AA /* CoreGraphicsPractice.app */ = {isa = PBXFileReference; explicitFileType = wrapper.application; includeInIndex = 0; path = CoreGraphicsPractice.app; sourceTree = BUILT_PRODUCTS_DIR; };
		132FE191248F48ED002C57AA /* AppDelegate.swift */ = {isa = PBXFileReference; lastKnownFileType = sourcecode.swift; path = AppDelegate.swift; sourceTree = "<group>"; };
		132FE193248F48ED002C57AA /* SceneDelegate.swift */ = {isa = PBXFileReference; lastKnownFileType = sourcecode.swift; path = SceneDelegate.swift; sourceTree = "<group>"; };
		132FE195248F48ED002C57AA /* ContentView.swift */ = {isa = PBXFileReference; lastKnownFileType = sourcecode.swift; path = ContentView.swift; sourceTree = "<group>"; };
		132FE197248F48EF002C57AA /* Assets.xcassets */ = {isa = PBXFileReference; lastKnownFileType = folder.assetcatalog; path = Assets.xcassets; sourceTree = "<group>"; };
		132FE19A248F48EF002C57AA /* Preview Assets.xcassets */ = {isa = PBXFileReference; lastKnownFileType = folder.assetcatalog; path = "Preview Assets.xcassets"; sourceTree = "<group>"; };
		132FE19D248F48EF002C57AA /* Base */ = {isa = PBXFileReference; lastKnownFileType = file.storyboard; name = Base; path = Base.lproj/LaunchScreen.storyboard; sourceTree = "<group>"; };
		132FE19F248F48EF002C57AA /* Info.plist */ = {isa = PBXFileReference; lastKnownFileType = text.plist.xml; path = Info.plist; sourceTree = "<group>"; };
/* End PBXFileReference section */

/* Begin PBXFrameworksBuildPhase section */
		132FE18B248F48ED002C57AA /* Frameworks */ = {
			isa = PBXFrameworksBuildPhase;
			buildActionMask = 2147483647;
			files = (
			);
			runOnlyForDeploymentPostprocessing = 0;
		};
/* End PBXFrameworksBuildPhase section */

/* Begin PBXGroup section */
		132FE185248F48ED002C57AA = {
			isa = PBXGroup;
			children = (
				132FE190248F48ED002C57AA /* CoreGraphicsPractice */,
				132FE18F248F48ED002C57AA /* Products */,
			);
			sourceTree = "<group>";
		};
		132FE18F248F48ED002C57AA /* Products */ = {
			isa = PBXGroup;
			children = (
				132FE18E248F48ED002C57AA /* CoreGraphicsPractice.app */,
			);
			name = Products;
			sourceTree = "<group>";
		};
		132FE190248F48ED002C57AA /* CoreGraphicsPractice */ = {
			isa = PBXGroup;
			children = (
				132FE195248F48ED002C57AA /* ContentView.swift */,
				132FE1A5248F48FE002C57AA /* Supporting Files */,
				132FE199248F48EF002C57AA /* Preview Content */,
			);
			path = CoreGraphicsPractice;
			sourceTree = "<group>";
		};
		132FE199248F48EF002C57AA /* Preview Content */ = {
			isa = PBXGroup;
			children = (
				132FE19A248F48EF002C57AA /* Preview Assets.xcassets */,
			);
			path = "Preview Content";
			sourceTree = "<group>";
		};
		132FE1A5248F48FE002C57AA /* Supporting Files */ = {
			isa = PBXGroup;
			children = (
				132FE191248F48ED002C57AA /* AppDelegate.swift */,
				132FE193248F48ED002C57AA /* SceneDelegate.swift */,
				132FE197248F48EF002C57AA /* Assets.xcassets */,
				132FE19C248F48EF002C57AA /* LaunchScreen.storyboard */,
				132FE19F248F48EF002C57AA /* Info.plist */,
			);
			path = "Supporting Files";
			sourceTree = "<group>";
		};
/* End PBXGroup section */

/* Begin PBXNativeTarget section */
		132FE18D248F48ED002C57AA /* CoreGraphicsPractice */ = {
			isa = PBXNativeTarget;
			buildConfigurationList = 132FE1A2248F48EF002C57AA /* Build configuration list for PBXNativeTarget "CoreGraphicsPractice" */;
			buildPhases = (
				132FE18A248F48ED002C57AA /* Sources */,
				132FE18B248F48ED002C57AA /* Frameworks */,
				132FE18C248F48ED002C57AA /* Resources */,
			);
			buildRules = (
			);
			dependencies = (
			);
			name = CoreGraphicsPractice;
			productName = CoreGraphicsPractice;
			productReference = 132FE18E248F48ED002C57AA /* CoreGraphicsPractice.app */;
			productType = "com.apple.product-type.application";
		};
/* End PBXNativeTarget section */

/* Begin PBXProject section */
		132FE186248F48ED002C57AA /* Project object */ = {
			isa = PBXProject;
			attributes = {
				LastSwiftUpdateCheck = 1150;
				LastUpgradeCheck = 1150;
				ORGANIZATIONNAME = Manish;
				TargetAttributes = {
					132FE18D248F48ED002C57AA = {
						CreatedOnToolsVersion = 11.5;
					};
				};
			};
			buildConfigurationList = 132FE189248F48ED002C57AA /* Build configuration list for PBXProject "CoreGraphicsPractice" */;
			compatibilityVersion = "Xcode 9.3";
			developmentRegion = en;
			hasScannedForEncodings = 0;
			knownRegions = (
				en,
				Base,
			);
			mainGroup = 132FE185248F48ED002C57AA;
			productRefGroup = 132FE18F248F48ED002C57AA /* Products */;
			projectDirPath = "";
			projectRoot = "";
			targets = (
				132FE18D248F48ED002C57AA /* CoreGraphicsPractice */,
			);
		};
/* End PBXProject section */

/* Begin PBXResourcesBuildPhase section */
		132FE18C248F48ED002C57AA /* Resources */ = {
			isa = PBXResourcesBuildPhase;
			buildActionMask = 2147483647;
			files = (
				132FE19E248F48EF002C57AA /* LaunchScreen.storyboard in Resources */,
				132FE19B248F48EF002C57AA /* Preview Assets.xcassets in Resources */,
				132FE198248F48EF002C57AA /* Assets.xcassets in Resources */,
			);
			runOnlyForDeploymentPostprocessing = 0;
		};
/* End PBXResourcesBuildPhase section */

/* Begin PBXSourcesBuildPhase section */
		132FE18A248F48ED002C57AA /* Sources */ = {
			isa = PBXSourcesBuildPhase;
			buildActionMask = 2147483647;
			files = (
				132FE192248F48ED002C57AA /* AppDelegate.swift in Sources */,
				132FE194248F48ED002C57AA /* SceneDelegate.swift in Sources */,
				132FE196248F48ED002C57AA /* ContentView.swift in Sources */,
			);
			runOnlyForDeploymentPostprocessing = 0;
		};
/* End PBXSourcesBuildPhase section */

/* Begin PBXVariantGroup section */
		132FE19C248F48EF002C57AA /* LaunchScreen.storyboard */ = {
			isa = PBXVariantGroup;
			children = (
				132FE19D248F48EF002C57AA /* Base */,
			);
			name = LaunchScreen.storyboard;
			sourceTree = "<group>";
		};
/* End PBXVariantGroup section */

/* Begin XCBuildConfiguration section */
		132FE1A0248F48EF002C57AA /* Debug */ = {
			isa = XCBuildConfiguration;
			buildSettings = {
				ALWAYS_SEARCH_USER_PATHS = NO;
				CLANG_ANALYZER_NONNULL = YES;
				CLANG_ANALYZER_NUMBER_OBJECT_CONVERSION = YES_AGGRESSIVE;
				CLANG_CXX_LANGUAGE_STANDARD = "gnu++14";
				CLANG_CXX_LIBRARY = "libc++";
				CLANG_ENABLE_MODULES = YES;
				CLANG_ENABLE_OBJC_ARC = YES;
				CLANG_ENABLE_OBJC_WEAK = YES;
				CLANG_WARN_BLOCK_CAPTURE_AUTORELEASING = YES;
				CLANG_WARN_BOOL_CONVERSION = YES;
				CLANG_WARN_COMMA = YES;
				CLANG_WARN_CONSTANT_CONVERSION = YES;
				CLANG_WARN_DEPRECATED_OBJC_IMPLEMENTATIONS = YES;
				CLANG_WARN_DIRECT_OBJC_ISA_USAGE = YES_ERROR;
				CLANG_WARN_DOCUMENTATION_COMMENTS = YES;
				CLANG_WARN_EMPTY_BODY = YES;
				CLANG_WARN_ENUM_CONVERSION = YES;
				CLANG_WARN_INFINITE_RECURSION = YES;
				CLANG_WARN_INT_CONVERSION = YES;
				CLANG_WARN_NON_LITERAL_NULL_CONVERSION = YES;
				CLANG_WARN_OBJC_IMPLICIT_RETAIN_SELF = YES;
				CLANG_WARN_OBJC_LITERAL_CONVERSION = YES;
				CLANG_WARN_OBJC_ROOT_CLASS = YES_ERROR;
				CLANG_WARN_RANGE_LOOP_ANALYSIS = YES;
				CLANG_WARN_STRICT_PROTOTYPES = YES;
				CLANG_WARN_SUSPICIOUS_MOVE = YES;
				CLANG_WARN_UNGUARDED_AVAILABILITY = YES_AGGRESSIVE;
				CLANG_WARN_UNREACHABLE_CODE = YES;
				CLANG_WARN__DUPLICATE_METHOD_MATCH = YES;
				COPY_PHASE_STRIP = NO;
				DEBUG_INFORMATION_FORMAT = dwarf;
				ENABLE_STRICT_OBJC_MSGSEND = YES;
				ENABLE_TESTABILITY = YES;
				GCC_C_LANGUAGE_STANDARD = gnu11;
				GCC_DYNAMIC_NO_PIC = NO;
				GCC_NO_COMMON_BLOCKS = YES;
				GCC_OPTIMIZATION_LEVEL = 0;
				GCC_PREPROCESSOR_DEFINITIONS = (
					"DEBUG=1",
					"$(inherited)",
				);
				GCC_WARN_64_TO_32_BIT_CONVERSION = YES;
				GCC_WARN_ABOUT_RETURN_TYPE = YES_ERROR;
				GCC_WARN_UNDECLARED_SELECTOR = YES;
				GCC_WARN_UNINITIALIZED_AUTOS = YES_AGGRESSIVE;
				GCC_WARN_UNUSED_FUNCTION = YES;
				GCC_WARN_UNUSED_VARIABLE = YES;
				IPHONEOS_DEPLOYMENT_TARGET = 13.5;
				MTL_ENABLE_DEBUG_INFO = INCLUDE_SOURCE;
				MTL_FAST_MATH = YES;
				ONLY_ACTIVE_ARCH = YES;
				SDKROOT = iphoneos;
				SWIFT_ACTIVE_COMPILATION_CONDITIONS = DEBUG;
				SWIFT_OPTIMIZATION_LEVEL = "-Onone";
			};
			name = Debug;
		};
		132FE1A1248F48EF002C57AA /* Release */ = {
			isa = XCBuildConfiguration;
			buildSettings = {
				ALWAYS_SEARCH_USER_PATHS = NO;
				CLANG_ANALYZER_NONNULL = YES;
				CLANG_ANALYZER_NUMBER_OBJECT_CONVERSION = YES_AGGRESSIVE;
				CLANG_CXX_LANGUAGE_STANDARD = "gnu++14";
				CLANG_CXX_LIBRARY = "libc++";
				CLANG_ENABLE_MODULES = YES;
				CLANG_ENABLE_OBJC_ARC = YES;
				CLANG_ENABLE_OBJC_WEAK = YES;
				CLANG_WARN_BLOCK_CAPTURE_AUTORELEASING = YES;
				CLANG_WARN_BOOL_CONVERSION = YES;
				CLANG_WARN_COMMA = YES;
				CLANG_WARN_CONSTANT_CONVERSION = YES;
				CLANG_WARN_DEPRECATED_OBJC_IMPLEMENTATIONS = YES;
				CLANG_WARN_DIRECT_OBJC_ISA_USAGE = YES_ERROR;
				CLANG_WARN_DOCUMENTATION_COMMENTS = YES;
				CLANG_WARN_EMPTY_BODY = YES;
				CLANG_WARN_ENUM_CONVERSION = YES;
				CLANG_WARN_INFINITE_RECURSION = YES;
				CLANG_WARN_INT_CONVERSION = YES;
				CLANG_WARN_NON_LITERAL_NULL_CONVERSION = YES;
				CLANG_WARN_OBJC_IMPLICIT_RETAIN_SELF = YES;
				CLANG_WARN_OBJC_LITERAL_CONVERSION = YES;
				CLANG_WARN_OBJC_ROOT_CLASS = YES_ERROR;
				CLANG_WARN_RANGE_LOOP_ANALYSIS = YES;
				CLANG_WARN_STRICT_PROTOTYPES = YES;
				CLANG_WARN_SUSPICIOUS_MOVE = YES;
				CLANG_WARN_UNGUARDED_AVAILABILITY = YES_AGGRESSIVE;
				CLANG_WARN_UNREACHABLE_CODE = YES;
				CLANG_WARN__DUPLICATE_METHOD_MATCH = YES;
				COPY_PHASE_STRIP = NO;
				DEBUG_INFORMATION_FORMAT = "dwarf-with-dsym";
				ENABLE_NS_ASSERTIONS = NO;
				ENABLE_STRICT_OBJC_MSGSEND = YES;
				GCC_C_LANGUAGE_STANDARD = gnu11;
				GCC_NO_COMMON_BLOCKS = YES;
				GCC_WARN_64_TO_32_BIT_CONVERSION = YES;
				GCC_WARN_ABOUT_RETURN_TYPE = YES_ERROR;
				GCC_WARN_UNDECLARED_SELECTOR = YES;
				GCC_WARN_UNINITIALIZED_AUTOS = YES_AGGRESSIVE;
				GCC_WARN_UNUSED_FUNCTION = YES;
				GCC_WARN_UNUSED_VARIABLE = YES;
				IPHONEOS_DEPLOYMENT_TARGET = 13.5;
				MTL_ENABLE_DEBUG_INFO = NO;
				MTL_FAST_MATH = YES;
				SDKROOT = iphoneos;
				SWIFT_COMPILATION_MODE = wholemodule;
				SWIFT_OPTIMIZATION_LEVEL = "-O";
				VALIDATE_PRODUCT = YES;
			};
			name = Release;
		};
		132FE1A3248F48EF002C57AA /* Debug */ = {
			isa = XCBuildConfiguration;
			buildSettings = {
				ASSETCATALOG_COMPILER_APPICON_NAME = AppIcon;
				CODE_SIGN_STYLE = Automatic;
				DEVELOPMENT_ASSET_PATHS = "\"CoreGraphicsPractice/Preview Content\"";
				ENABLE_PREVIEWS = YES;
				INFOPLIST_FILE = "CoreGraphicsPractice/Supporting Files/Info.plist";
				LD_RUNPATH_SEARCH_PATHS = (
					"$(inherited)",
					"@executable_path/Frameworks",
				);
				PRODUCT_BUNDLE_IDENTIFIER = com.m.CoreGraphicsPractice;
				PRODUCT_NAME = "$(TARGET_NAME)";
				SWIFT_VERSION = 5.0;
				TARGETED_DEVICE_FAMILY = "1,2";
			};
			name = Debug;
		};
		132FE1A4248F48EF002C57AA /* Release */ = {
			isa = XCBuildConfiguration;
			buildSettings = {
				ASSETCATALOG_COMPILER_APPICON_NAME = AppIcon;
				CODE_SIGN_STYLE = Automatic;
				DEVELOPMENT_ASSET_PATHS = "\"CoreGraphicsPractice/Preview Content\"";
				ENABLE_PREVIEWS = YES;
				INFOPLIST_FILE = "CoreGraphicsPractice/Supporting Files/Info.plist";
				LD_RUNPATH_SEARCH_PATHS = (
					"$(inherited)",
					"@executable_path/Frameworks",
				);
				PRODUCT_BUNDLE_IDENTIFIER = com.m.CoreGraphicsPractice;
				PRODUCT_NAME = "$(TARGET_NAME)";
				SWIFT_VERSION = 5.0;
				TARGETED_DEVICE_FAMILY = "1,2";
			};
			name = Release;
		};
/* End XCBuildConfiguration section */

/* Begin XCConfigurationList section */
		132FE189248F48ED002C57AA /* Build configuration list for PBXProject "CoreGraphicsPractice" */ = {
			isa = XCConfigurationList;
			buildConfigurations = (
				132FE1A0248F48EF002C57AA /* Debug */,
				132FE1A1248F48EF002C57AA /* Release */,
			);
			defaultConfigurationIsVisible = 0;
			defaultConfigurationName = Release;
		};
		132FE1A2248F48EF002C57AA /* Build configuration list for PBXNativeTarget "CoreGraphicsPractice" */ = {
			isa = XCConfigurationList;
			buildConfigurations = (
				132FE1A3248F48EF002C57AA /* Debug */,
				132FE1A4248F48EF002C57AA /* Release */,
			);
			defaultConfigurationIsVisible = 0;
			defaultConfigurationName = Release;
		};
/* End XCConfigurationList section */
	};
	rootObject = 132FE186248F48ED002C57AA /* Project object */;
}
